
Microsoft Visual Studio Solution File, Format Version 12.00
# Visual Studio 14
VisualStudioVersion = 14.0.25420.1
MinimumVisualStudioVersion = 10.0.40219.1
Project("{FAE04EC0-301F-11D3-BF4B-00C04F79EFBC}") = "Hive.Cluster.Core", "Hive.Cluster.Core\Hive.Cluster.Core.csproj", "{9A3B3467-366E-424F-94F3-FBAC02A62456}"
EndProject
Project("{FAE04EC0-301F-11D3-BF4B-00C04F79EFBC}") = "Hive.Cluster.ServiceDiscovery.Console", "Hive.Cluster.ServiceDiscovery.Console\Hive.Cluster.ServiceDiscovery.Console.csproj", "{DEFB86F6-7CF7-43AD-9F06-7D9348487C4B}"
EndProject
Global
	GlobalSection(SolutionConfigurationPlatforms) = preSolution
		Debug|Any CPU = Debug|Any CPU
		Release|Any CPU = Release|Any CPU
	EndGlobalSection
	GlobalSection(ProjectConfigurationPlatforms) = postSolution
		{9A3B3467-366E-424F-94F3-FBAC02A62456}.Debug|Any CPU.ActiveCfg = Debug|Any CPU
		{9A3B3467-366E-424F-94F3-FBAC02A62456}.Debug|Any CPU.Build.0 = Debug|Any CPU
		{9A3B3467-366E-424F-94F3-FBAC02A62456}.Release|Any CPU.ActiveCfg = Release|Any CPU
		{9A3B3467-366E-424F-94F3-FBAC02A62456}.Release|Any CPU.Build.0 = Release|Any CPU
		{DEFB86F6-7CF7-43AD-9F06-7D9348487C4B}.Debug|Any CPU.ActiveCfg = Debug|Any CPU
		{DEFB86F6-7CF7-43AD-9F06-7D9348487C4B}.Debug|Any CPU.Build.0 = Debug|Any CPU
		{DEFB86F6-7CF7-43AD-9F06-7D9348487C4B}.Release|Any CPU.ActiveCfg = Release|Any CPU
		{DEFB86F6-7CF7-43AD-9F06-7D9348487C4B}.Release|Any CPU.Build.0 = Release|Any CPU
	EndGlobalSection
	GlobalSection(SolutionProperties) = preSolution
		HideSolutionNode = FALSE
	EndGlobalSection
EndGlobal
